<?xml version="1.0" encoding="utf-8"?>
<Project ToolsVersion="4.0" xmlns="http://schemas.microsoft.com/developer/msbuild/2003">
  <ItemGroup>
    <Filter Include="Source Files">
      <UniqueIdentifier>{4FC737F1-C7A5-4376-A066-2A32D752A2FF}</UniqueIdentifier>
      <Extensions>cpp;c;cc;cxx;def;odl;idl;hpj;bat;asm;asmx</Extensions>
    </Filter>
    <Filter Include="Header Files">
      <UniqueIdentifier>{93995380-89BD-4b04-88EB-625FBE52EBFB}</UniqueIdentifier>
      <Extensions>h;hh;hpp;hxx;hm;inl;inc;xsd</Extensions>
    </Filter>
    <Filter Include="six_point">
      <UniqueIdentifier>{3303daf8-0c28-4c0b-9df2-7d5653fe9e7a}</UniqueIdentifier>
    </Filter>
    <Filter Include="five_point">
      <UniqueIdentifier>{67307213-2276-4d45-88a7-37557b5a33b8}</UniqueIdentifier>
    </Filter>
    <Filter Include="estimators">
      <UniqueIdentifier>{67f9560d-f0ed-416f-b0da-b2ede5ef1d5e}</UniqueIdentifier>
    </Filter>
    <Filter Include="gcoptimization">
      <UniqueIdentifier>{71535e77-3d87-4813-97d3-5d8e6a75df9e}</UniqueIdentifier>
    </Filter>
    <Filter Include="theia">
      <UniqueIdentifier>{67eacab5-8e55-47b7-a05f-027728dc2a1c}</UniqueIdentifier>
    </Filter>
  </ItemGroup>
  <ItemGroup>
    <ClInclude Include="stdafx.h">
      <Filter>Header Files</Filter>
    </ClInclude>
    <ClInclude Include="targetver.h">
      <Filter>Header Files</Filter>
    </ClInclude>
    <ClInclude Include="..\..\..\FundamentalMatrixFromTwoPoints\Cpp\AffineQuality\VisionFrameWork\six_point_algorithm\hidden6.h">
      <Filter>six_point</Filter>
    </ClInclude>
    <ClInclude Include="GCRANSAC.h">
      <Filter>Header Files</Filter>
    </ClInclude>
    <ClInclude Include="resource.h">
      <Filter>Header Files</Filter>
    </ClInclude>
    <ClInclude Include="5point.h">
      <Filter>five_point</Filter>
    </ClInclude>
    <ClInclude Include="Mblock.h">
      <Filter>five_point</Filter>
    </ClInclude>
    <ClInclude Include="Polynomial.h">
      <Filter>five_point</Filter>
    </ClInclude>
    <ClInclude Include="Rpoly.h">
      <Filter>five_point</Filter>
    </ClInclude>
    <ClInclude Include="GCoptimization.h">
      <Filter>gcoptimization</Filter>
    </ClInclude>
    <ClInclude Include="energy.h">
      <Filter>gcoptimization</Filter>
    </ClInclude>
    <ClInclude Include="block.h">
      <Filter>gcoptimization</Filter>
    </ClInclude>
    <ClInclude Include="graph.h">
      <Filter>gcoptimization</Filter>
    </ClInclude>
    <ClInclude Include="LinkedBlockList.h">
      <Filter>gcoptimization</Filter>
    </ClInclude>
    <ClInclude Include="sampler.h">
      <Filter>theia</Filter>
    </ClInclude>
    <ClInclude Include="sample_consensus_estimator.h">
      <Filter>theia</Filter>
    </ClInclude>
    <ClInclude Include="quality_measurement.h">
      <Filter>theia</Filter>
    </ClInclude>
    <ClInclude Include="prosac.h">
      <Filter>theia</Filter>
    </ClInclude>
    <ClInclude Include="prosac_sampler.h">
      <Filter>theia</Filter>
    </ClInclude>
  </ItemGroup>
  <ItemGroup>
    <ClCompile Include="stdafx.cpp">
      <Filter>Source Files</Filter>
    </ClCompile>
    <ClCompile Include="VisionFrameWork.cpp">
      <Filter>Source Files</Filter>
    </ClCompile>
    <ClCompile Include="..\..\..\FundamentalMatrixFromTwoPoints\Cpp\AffineQuality\VisionFrameWork\six_point_algorithm\Ematrix_6pt.cc">
      <Filter>six_point</Filter>
    </ClCompile>
    <ClCompile Include="..\..\..\FundamentalMatrixFromTwoPoints\Cpp\AffineQuality\VisionFrameWork\six_point_algorithm\polydet.cc">
      <Filter>six_point</Filter>
    </ClCompile>
    <ClCompile Include="..\..\..\FundamentalMatrixFromTwoPoints\Cpp\AffineQuality\VisionFrameWork\six_point_algorithm\polyquotient.cc">
      <Filter>six_point</Filter>
    </ClCompile>
    <ClCompile Include="..\..\..\FundamentalMatrixFromTwoPoints\Cpp\AffineQuality\VisionFrameWork\six_point_algorithm\sturm.cc">
      <Filter>six_point</Filter>
    </ClCompile>
    <ClCompile Include="GCRANSAC.cpp">
      <Filter>Source Files</Filter>
    </ClCompile>
    <ClCompile Include="5point.cpp">
      <Filter>five_point</Filter>
    </ClCompile>
    <ClCompile Include="Rpoly.cpp">
      <Filter>five_point</Filter>
    </ClCompile>
    <ClCompile Include="essential_estimator.cpp">
      <Filter>estimators</Filter>
    </ClCompile>
    <ClCompile Include="fundamental_estimator.cpp">
      <Filter>estimators</Filter>
    </ClCompile>
    <ClCompile Include="homography_estimator.cpp">
      <Filter>estimators</Filter>
    </ClCompile>
    <ClCompile Include="line_estimator.cpp">
      <Filter>estimators</Filter>
    </ClCompile>
    <ClCompile Include="GCoptimization.cpp">
      <Filter>gcoptimization</Filter>
    </ClCompile>
    <ClCompile Include="graph.cpp">
      <Filter>gcoptimization</Filter>
    </ClCompile>
    <ClCompile Include="LinkedBlockList.cpp">
      <Filter>gcoptimization</Filter>
    </ClCompile>
    <ClCompile Include="maxflow.cpp">
      <Filter>gcoptimization</Filter>
    </ClCompile>
  </ItemGroup>
</Project>